
Microsoft Visual Studio Solution File, Format Version 12.00
# Visual Studio Version 17
VisualStudioVersion = 17.1.32210.238
MinimumVisualStudioVersion = 10.0.40219.1
Project("{9A19103F-16F7-4668-BE54-9A1E7A4F7556}") = "ThomasMathers.Infrastructure.IAM", "ThomasMathers.Infrastructure.IAM\ThomasMathers.Infrastructure.IAM.csproj", "{BF9B2CCA-C882-4255-9895-8B548D49535C}"
EndProject
Project("{9A19103F-16F7-4668-BE54-9A1E7A4F7556}") = "ThomasMathers.Infrastructure.IAM.Tests", "ThomasMathers.Infrastructure.IAM.Tests\ThomasMathers.Infrastructure.IAM.Tests.csproj", "{D3436AF9-E510-4058-BD6D-A9EE4439BCA3}"
EndProject
Project("{9A19103F-16F7-4668-BE54-9A1E7A4F7556}") = "ThomasMathers.Infrastructure.IAM.Emails", "ThomasMathers.Infrastructure.IAM.Emails\ThomasMathers.Infrastructure.IAM.Emails.csproj", "{0874ADBD-6CD6-4497-A1EA-05550D055EC5}"
EndProject
Project("{9A19103F-16F7-4668-BE54-9A1E7A4F7556}") = "ThomasMathers.Infrastructure.IAM.Emails.Tests", "ThomasMathers.Infrastructure.IAM.Emails.Tests\ThomasMathers.Infrastructure.IAM.Emails.Tests.csproj", "{C975AF16-FC4C-43A5-ABB8-B2BE2FBCAC3E}"
EndProject
Project("{FAE04EC0-301F-11D3-BF4B-00C04F79EFBC}") = "ThomasMathers.Infrastructure.IAM.Social", "ThomasMathers.Infrastructure.IAM.Social\ThomasMathers.Infrastructure.IAM.Social.csproj", "{52D312EC-71A0-47B3-84E3-354D9016356A}"
EndProject
Global
	GlobalSection(SolutionConfigurationPlatforms) = preSolution
		Debug|Any CPU = Debug|Any CPU
		Release|Any CPU = Release|Any CPU
	EndGlobalSection
	GlobalSection(ProjectConfigurationPlatforms) = postSolution
		{BF9B2CCA-C882-4255-9895-8B548D49535C}.Debug|Any CPU.ActiveCfg = Debug|Any CPU
		{BF9B2CCA-C882-4255-9895-8B548D49535C}.Debug|Any CPU.Build.0 = Debug|Any CPU
		{BF9B2CCA-C882-4255-9895-8B548D49535C}.Release|Any CPU.ActiveCfg = Release|Any CPU
		{BF9B2CCA-C882-4255-9895-8B548D49535C}.Release|Any CPU.Build.0 = Release|Any CPU
		{D3436AF9-E510-4058-BD6D-A9EE4439BCA3}.Debug|Any CPU.ActiveCfg = Debug|Any CPU
		{D3436AF9-E510-4058-BD6D-A9EE4439BCA3}.Debug|Any CPU.Build.0 = Debug|Any CPU
		{D3436AF9-E510-4058-BD6D-A9EE4439BCA3}.Release|Any CPU.ActiveCfg = Release|Any CPU
		{D3436AF9-E510-4058-BD6D-A9EE4439BCA3}.Release|Any CPU.Build.0 = Release|Any CPU
		{0874ADBD-6CD6-4497-A1EA-05550D055EC5}.Debug|Any CPU.ActiveCfg = Debug|Any CPU
		{0874ADBD-6CD6-4497-A1EA-05550D055EC5}.Debug|Any CPU.Build.0 = Debug|Any CPU
		{0874ADBD-6CD6-4497-A1EA-05550D055EC5}.Release|Any CPU.ActiveCfg = Release|Any CPU
		{0874ADBD-6CD6-4497-A1EA-05550D055EC5}.Release|Any CPU.Build.0 = Release|Any CPU
		{C975AF16-FC4C-43A5-ABB8-B2BE2FBCAC3E}.Debug|Any CPU.ActiveCfg = Debug|Any CPU
		{C975AF16-FC4C-43A5-ABB8-B2BE2FBCAC3E}.Debug|Any CPU.Build.0 = Debug|Any CPU
		{C975AF16-FC4C-43A5-ABB8-B2BE2FBCAC3E}.Release|Any CPU.ActiveCfg = Release|Any CPU
		{C975AF16-FC4C-43A5-ABB8-B2BE2FBCAC3E}.Release|Any CPU.Build.0 = Release|Any CPU
		{52D312EC-71A0-47B3-84E3-354D9016356A}.Debug|Any CPU.ActiveCfg = Debug|Any CPU
		{52D312EC-71A0-47B3-84E3-354D9016356A}.Debug|Any CPU.Build.0 = Debug|Any CPU
		{52D312EC-71A0-47B3-84E3-354D9016356A}.Release|Any CPU.ActiveCfg = Release|Any CPU
		{52D312EC-71A0-47B3-84E3-354D9016356A}.Release|Any CPU.Build.0 = Release|Any CPU
	EndGlobalSection
	GlobalSection(SolutionProperties) = preSolution
		HideSolutionNode = FALSE
	EndGlobalSection
	GlobalSection(ExtensibilityGlobals) = postSolution
		SolutionGuid = {1949FE26-EE26-4CF0-AA05-59986B47D015}
	EndGlobalSection
EndGlobal
